
Microsoft Visual Studio Solution File, Format Version 12.00
# Visual Studio 14
VisualStudioVersion = 14.0.25420.1
MinimumVisualStudioVersion = 10.0.40219.1
Project("{FAE04EC0-301F-11D3-BF4B-00C04F79EFBC}") = "IoCContainer", "IoCContainer\IoCContainer.csproj", "{FCEE3D89-0FBB-4EB1-ABB4-4FD139260C92}"
EndProject
Project("{FAE04EC0-301F-11D3-BF4B-00C04F79EFBC}") = "IoCContainer.Test", "IoCContainer.Test\IoCContainer.Test.csproj", "{D9CF80E1-E635-4B36-AC47-834C400D93DE}"
EndProject
Project("{FAE04EC0-301F-11D3-BF4B-00C04F79EFBC}") = "SharedLibrary", "SharedLibrary\SharedLibrary.csproj", "{31F501D9-BB3E-4AC3-A9E7-F1C71CB1BFA7}"
EndProject
Project("{FAE04EC0-301F-11D3-BF4B-00C04F79EFBC}") = "ClassLibrary", "ClassLibrary\ClassLibrary.csproj", "{06120C30-B797-4B5C-84CB-802E2F74DC40}"
EndProject
Global
	GlobalSection(SolutionConfigurationPlatforms) = preSolution
		Debug|Any CPU = Debug|Any CPU
		Release|Any CPU = Release|Any CPU
	EndGlobalSection
	GlobalSection(ProjectConfigurationPlatforms) = postSolution
		{FCEE3D89-0FBB-4EB1-ABB4-4FD139260C92}.Debug|Any CPU.ActiveCfg = Debug|Any CPU
		{FCEE3D89-0FBB-4EB1-ABB4-4FD139260C92}.Debug|Any CPU.Build.0 = Debug|Any CPU
		{FCEE3D89-0FBB-4EB1-ABB4-4FD139260C92}.Release|Any CPU.ActiveCfg = Release|Any CPU
		{FCEE3D89-0FBB-4EB1-ABB4-4FD139260C92}.Release|Any CPU.Build.0 = Release|Any CPU
		{D9CF80E1-E635-4B36-AC47-834C400D93DE}.Debug|Any CPU.ActiveCfg = Debug|Any CPU
		{D9CF80E1-E635-4B36-AC47-834C400D93DE}.Debug|Any CPU.Build.0 = Debug|Any CPU
		{D9CF80E1-E635-4B36-AC47-834C400D93DE}.Release|Any CPU.ActiveCfg = Release|Any CPU
		{D9CF80E1-E635-4B36-AC47-834C400D93DE}.Release|Any CPU.Build.0 = Release|Any CPU
		{31F501D9-BB3E-4AC3-A9E7-F1C71CB1BFA7}.Debug|Any CPU.ActiveCfg = Debug|Any CPU
		{31F501D9-BB3E-4AC3-A9E7-F1C71CB1BFA7}.Debug|Any CPU.Build.0 = Debug|Any CPU
		{31F501D9-BB3E-4AC3-A9E7-F1C71CB1BFA7}.Release|Any CPU.ActiveCfg = Release|Any CPU
		{31F501D9-BB3E-4AC3-A9E7-F1C71CB1BFA7}.Release|Any CPU.Build.0 = Release|Any CPU
		{06120C30-B797-4B5C-84CB-802E2F74DC40}.Debug|Any CPU.ActiveCfg = Debug|Any CPU
		{06120C30-B797-4B5C-84CB-802E2F74DC40}.Debug|Any CPU.Build.0 = Debug|Any CPU
		{06120C30-B797-4B5C-84CB-802E2F74DC40}.Release|Any CPU.ActiveCfg = Release|Any CPU
		{06120C30-B797-4B5C-84CB-802E2F74DC40}.Release|Any CPU.Build.0 = Release|Any CPU
	EndGlobalSection
	GlobalSection(SolutionProperties) = preSolution
		HideSolutionNode = FALSE
	EndGlobalSection
EndGlobal
